
Microsoft Visual Studio Solution File, Format Version 12.00
# Visual Studio Version 17
VisualStudioVersion = 17.5.002.0
MinimumVisualStudioVersion = 10.0.40219.1
Project("{2150E333-8FDC-42A3-9474-1A3956D46DE8}") = "csharp-prep", "csharp-prep", "{9154060E-3CC4-4FB3-89C2-FD272E4ADCBD}"
EndProject
Project("{9A19103F-16F7-4668-BE54-9A1E7A4F7556}") = "Prep1", "csharp-prep\Prep1\Prep1.csproj", "{BAC47C77-091A-404E-982D-F43DF5D1DCBA}"
EndProject
Project("{9A19103F-16F7-4668-BE54-9A1E7A4F7556}") = "Prep2", "csharp-prep\Prep2\Prep2.csproj", "{D9FDB6FD-EC2D-4FA4-812E-689F11B9380C}"
EndProject
Project("{9A19103F-16F7-4668-BE54-9A1E7A4F7556}") = "Prep3", "csharp-prep\Prep3\Prep3.csproj", "{B6260791-79C4-4BDF-8709-785A8C223645}"
EndProject
Project("{9A19103F-16F7-4668-BE54-9A1E7A4F7556}") = "Prep4", "csharp-prep\Prep4\Prep4.csproj", "{2AAE2AA2-2709-4D8B-AE06-C6ABD10C8347}"
EndProject
Project("{9A19103F-16F7-4668-BE54-9A1E7A4F7556}") = "Prep5", "csharp-prep\Prep5\Prep5.csproj", "{C1D14402-D658-4C2F-A2B4-D186D6EBDE64}"
EndProject
Project("{2150E333-8FDC-42A3-9474-1A3956D46DE8}") = "final", "final", "{F9F757E2-02CE-484B-95C9-B43DCDD16E1E}"
EndProject
Project("{9A19103F-16F7-4668-BE54-9A1E7A4F7556}") = "FinalProject", "final\FinalProject\FinalProject.csproj", "{F81344F0-91BA-405D-BF88-9714CAB5CC5A}"
EndProject
Project("{9A19103F-16F7-4668-BE54-9A1E7A4F7556}") = "Foundation1", "final\Foundation1\Foundation1.csproj", "{E1F42149-C058-479B-B6C8-C53591EA1367}"
EndProject
Project("{9A19103F-16F7-4668-BE54-9A1E7A4F7556}") = "Foundation2", "final\Foundation2\Foundation2.csproj", "{41727C4F-5F3D-4F0B-90C2-0BA2A0C18BE8}"
EndProject
Project("{9A19103F-16F7-4668-BE54-9A1E7A4F7556}") = "Foundation3", "final\Foundation3\Foundation3.csproj", "{3BC22076-5B25-43CF-A9BF-2D28EBD0DE03}"
EndProject
Project("{9A19103F-16F7-4668-BE54-9A1E7A4F7556}") = "Foundation4", "final\Foundation4\Foundation4.csproj", "{02D8EE6E-F97F-4197-A9AE-42C5EAF41789}"
EndProject
Project("{2150E333-8FDC-42A3-9474-1A3956D46DE8}") = "prepare", "prepare", "{2F609AAD-87C4-4765-9032-0501A0CA81E5}"
EndProject
Project("{9A19103F-16F7-4668-BE54-9A1E7A4F7556}") = "Learning02", "prepare\Learning02\Learning02.csproj", "{07358094-F532-49FF-A2E2-9C1F69BB5221}"
EndProject
Project("{9A19103F-16F7-4668-BE54-9A1E7A4F7556}") = "Learning03", "prepare\Learning03\Learning03.csproj", "{55CACBD2-EEB6-44E1-9AC4-A45623BF3329}"
EndProject
Project("{9A19103F-16F7-4668-BE54-9A1E7A4F7556}") = "Learning04", "prepare\Learning04\Learning04.csproj", "{3E8645CB-F208-4672-B448-B3AA1030EC6D}"
EndProject
Project("{9A19103F-16F7-4668-BE54-9A1E7A4F7556}") = "Learning05", "prepare\Learning05\Learning05.csproj", "{CDEDEA40-FD2C-46DB-81C7-C0279C784BA8}"
EndProject
Project("{2150E333-8FDC-42A3-9474-1A3956D46DE8}") = "prove", "prove", "{CB317029-7C31-4EE1-9F06-8B3D6F5AD666}"
EndProject
Project("{9A19103F-16F7-4668-BE54-9A1E7A4F7556}") = "Develop02", "prove\Develop02\Develop02.csproj", "{9373D7C0-63D3-4975-83A0-4548E7AC2F9D}"
EndProject
Project("{9A19103F-16F7-4668-BE54-9A1E7A4F7556}") = "Develop03", "prove\Develop03\Develop03.csproj", "{0171801A-97A1-4CE6-983B-7558515FA8D2}"
EndProject
Project("{9A19103F-16F7-4668-BE54-9A1E7A4F7556}") = "Develop04", "prove\Develop04\Develop04.csproj", "{2C34EC21-12E1-49D7-B533-BC89EFBA3319}"
EndProject
Project("{9A19103F-16F7-4668-BE54-9A1E7A4F7556}") = "Develop05", "prove\Develop05\Develop05.csproj", "{B28D5EF8-B84F-412F-88FC-12BBA64F189A}"
EndProject
Project("{2150E333-8FDC-42A3-9474-1A3956D46DE8}") = "sandbox", "sandbox", "{9B1077C3-0BED-4D25-9BBB-311CE268A9F3}"
EndProject
Project("{9A19103F-16F7-4668-BE54-9A1E7A4F7556}") = "Sandbox", "sandbox\Sandbox\Sandbox.csproj", "{B5A221C6-2A3E-4B66-984F-D6AE571F1792}"
EndProject
Global
	GlobalSection(SolutionConfigurationPlatforms) = preSolution
		Debug|Any CPU = Debug|Any CPU
		Release|Any CPU = Release|Any CPU
	EndGlobalSection
	GlobalSection(ProjectConfigurationPlatforms) = postSolution
		{BAC47C77-091A-404E-982D-F43DF5D1DCBA}.Debug|Any CPU.ActiveCfg = Debug|Any CPU
		{BAC47C77-091A-404E-982D-F43DF5D1DCBA}.Debug|Any CPU.Build.0 = Debug|Any CPU
		{BAC47C77-091A-404E-982D-F43DF5D1DCBA}.Release|Any CPU.ActiveCfg = Release|Any CPU
		{BAC47C77-091A-404E-982D-F43DF5D1DCBA}.Release|Any CPU.Build.0 = Release|Any CPU
		{D9FDB6FD-EC2D-4FA4-812E-689F11B9380C}.Debug|Any CPU.ActiveCfg = Debug|Any CPU
		{D9FDB6FD-EC2D-4FA4-812E-689F11B9380C}.Debug|Any CPU.Build.0 = Debug|Any CPU
		{D9FDB6FD-EC2D-4FA4-812E-689F11B9380C}.Release|Any CPU.ActiveCfg = Release|Any CPU
		{D9FDB6FD-EC2D-4FA4-812E-689F11B9380C}.Release|Any CPU.Build.0 = Release|Any CPU
		{B6260791-79C4-4BDF-8709-785A8C223645}.Debug|Any CPU.ActiveCfg = Debug|Any CPU
		{B6260791-79C4-4BDF-8709-785A8C223645}.Debug|Any CPU.Build.0 = Debug|Any CPU
		{B6260791-79C4-4BDF-8709-785A8C223645}.Release|Any CPU.ActiveCfg = Release|Any CPU
		{B6260791-79C4-4BDF-8709-785A8C223645}.Release|Any CPU.Build.0 = Release|Any CPU
		{2AAE2AA2-2709-4D8B-AE06-C6ABD10C8347}.Debug|Any CPU.ActiveCfg = Debug|Any CPU
		{2AAE2AA2-2709-4D8B-AE06-C6ABD10C8347}.Debug|Any CPU.Build.0 = Debug|Any CPU
		{2AAE2AA2-2709-4D8B-AE06-C6ABD10C8347}.Release|Any CPU.ActiveCfg = Release|Any CPU
		{2AAE2AA2-2709-4D8B-AE06-C6ABD10C8347}.Release|Any CPU.Build.0 = Release|Any CPU
		{C1D14402-D658-4C2F-A2B4-D186D6EBDE64}.Debug|Any CPU.ActiveCfg = Debug|Any CPU
		{C1D14402-D658-4C2F-A2B4-D186D6EBDE64}.Debug|Any CPU.Build.0 = Debug|Any CPU
		{C1D14402-D658-4C2F-A2B4-D186D6EBDE64}.Release|Any CPU.ActiveCfg = Release|Any CPU
		{C1D14402-D658-4C2F-A2B4-D186D6EBDE64}.Release|Any CPU.Build.0 = Release|Any CPU
		{F81344F0-91BA-405D-BF88-9714CAB5CC5A}.Debug|Any CPU.ActiveCfg = Debug|Any CPU
		{F81344F0-91BA-405D-BF88-9714CAB5CC5A}.Debug|Any CPU.Build.0 = Debug|Any CPU
		{F81344F0-91BA-405D-BF88-9714CAB5CC5A}.Release|Any CPU.ActiveCfg = Release|Any CPU
		{F81344F0-91BA-405D-BF88-9714CAB5CC5A}.Release|Any CPU.Build.0 = Release|Any CPU
		{E1F42149-C058-479B-B6C8-C53591EA1367}.Debug|Any CPU.ActiveCfg = Debug|Any CPU
		{E1F42149-C058-479B-B6C8-C53591EA1367}.Debug|Any CPU.Build.0 = Debug|Any CPU
		{E1F42149-C058-479B-B6C8-C53591EA1367}.Release|Any CPU.ActiveCfg = Release|Any CPU
		{E1F42149-C058-479B-B6C8-C53591EA1367}.Release|Any CPU.Build.0 = Release|Any CPU
		{41727C4F-5F3D-4F0B-90C2-0BA2A0C18BE8}.Debug|Any CPU.ActiveCfg = Debug|Any CPU
		{41727C4F-5F3D-4F0B-90C2-0BA2A0C18BE8}.Debug|Any CPU.Build.0 = Debug|Any CPU
		{41727C4F-5F3D-4F0B-90C2-0BA2A0C18BE8}.Release|Any CPU.ActiveCfg = Release|Any CPU
		{41727C4F-5F3D-4F0B-90C2-0BA2A0C18BE8}.Release|Any CPU.Build.0 = Release|Any CPU
		{3BC22076-5B25-43CF-A9BF-2D28EBD0DE03}.Debug|Any CPU.ActiveCfg = Debug|Any CPU
		{3BC22076-5B25-43CF-A9BF-2D28EBD0DE03}.Debug|Any CPU.Build.0 = Debug|Any CPU
		{3BC22076-5B25-43CF-A9BF-2D28EBD0DE03}.Release|Any CPU.ActiveCfg = Release|Any CPU
		{3BC22076-5B25-43CF-A9BF-2D28EBD0DE03}.Release|Any CPU.Build.0 = Release|Any CPU
		{02D8EE6E-F97F-4197-A9AE-42C5EAF41789}.Debug|Any CPU.ActiveCfg = Debug|Any CPU
		{02D8EE6E-F97F-4197-A9AE-42C5EAF41789}.Debug|Any CPU.Build.0 = Debug|Any CPU
		{02D8EE6E-F97F-4197-A9AE-42C5EAF41789}.Release|Any CPU.ActiveCfg = Release|Any CPU
		{02D8EE6E-F97F-4197-A9AE-42C5EAF41789}.Release|Any CPU.Build.0 = Release|Any CPU
		{07358094-F532-49FF-A2E2-9C1F69BB5221}.Debug|Any CPU.ActiveCfg = Debug|Any CPU
		{07358094-F532-49FF-A2E2-9C1F69BB5221}.Debug|Any CPU.Build.0 = Debug|Any CPU
		{07358094-F532-49FF-A2E2-9C1F69BB5221}.Release|Any CPU.ActiveCfg = Release|Any CPU
		{07358094-F532-49FF-A2E2-9C1F69BB5221}.Release|Any CPU.Build.0 = Release|Any CPU
		{55CACBD2-EEB6-44E1-9AC4-A45623BF3329}.Debug|Any CPU.ActiveCfg = Debug|Any CPU
		{55CACBD2-EEB6-44E1-9AC4-A45623BF3329}.Debug|Any CPU.Build.0 = Debug|Any CPU
		{55CACBD2-EEB6-44E1-9AC4-A45623BF3329}.Release|Any CPU.ActiveCfg = Release|Any CPU
		{55CACBD2-EEB6-44E1-9AC4-A45623BF3329}.Release|Any CPU.Build.0 = Release|Any CPU
		{3E8645CB-F208-4672-B448-B3AA1030EC6D}.Debug|Any CPU.ActiveCfg = Debug|Any CPU
		{3E8645CB-F208-4672-B448-B3AA1030EC6D}.Debug|Any CPU.Build.0 = Debug|Any CPU
		{3E8645CB-F208-4672-B448-B3AA1030EC6D}.Release|Any CPU.ActiveCfg = Release|Any CPU
		{3E8645CB-F208-4672-B448-B3AA1030EC6D}.Release|Any CPU.Build.0 = Release|Any CPU
		{CDEDEA40-FD2C-46DB-81C7-C0279C784BA8}.Debug|Any CPU.ActiveCfg = Debug|Any CPU
		{CDEDEA40-FD2C-46DB-81C7-C0279C784BA8}.Debug|Any CPU.Build.0 = Debug|Any CPU
		{CDEDEA40-FD2C-46DB-81C7-C0279C784BA8}.Release|Any CPU.ActiveCfg = Release|Any CPU
		{CDEDEA40-FD2C-46DB-81C7-C0279C784BA8}.Release|Any CPU.Build.0 = Release|Any CPU
		{9373D7C0-63D3-4975-83A0-4548E7AC2F9D}.Debug|Any CPU.ActiveCfg = Debug|Any CPU
		{9373D7C0-63D3-4975-83A0-4548E7AC2F9D}.Debug|Any CPU.Build.0 = Debug|Any CPU
		{9373D7C0-63D3-4975-83A0-4548E7AC2F9D}.Release|Any CPU.ActiveCfg = Release|Any CPU
		{9373D7C0-63D3-4975-83A0-4548E7AC2F9D}.Release|Any CPU.Build.0 = Release|Any CPU
		{0171801A-97A1-4CE6-983B-7558515FA8D2}.Debug|Any CPU.ActiveCfg = Debug|Any CPU
		{0171801A-97A1-4CE6-983B-7558515FA8D2}.Debug|Any CPU.Build.0 = Debug|Any CPU
		{0171801A-97A1-4CE6-983B-7558515FA8D2}.Release|Any CPU.ActiveCfg = Release|Any CPU
		{0171801A-97A1-4CE6-983B-7558515FA8D2}.Release|Any CPU.Build.0 = Release|Any CPU
		{2C34EC21-12E1-49D7-B533-BC89EFBA3319}.Debug|Any CPU.ActiveCfg = Debug|Any CPU
		{2C34EC21-12E1-49D7-B533-BC89EFBA3319}.Debug|Any CPU.Build.0 = Debug|Any CPU
		{2C34EC21-12E1-49D7-B533-BC89EFBA3319}.Release|Any CPU.ActiveCfg = Release|Any CPU
		{2C34EC21-12E1-49D7-B533-BC89EFBA3319}.Release|Any CPU.Build.0 = Release|Any CPU
		{B28D5EF8-B84F-412F-88FC-12BBA64F189A}.Debug|Any CPU.ActiveCfg = Debug|Any CPU
		{B28D5EF8-B84F-412F-88FC-12BBA64F189A}.Debug|Any CPU.Build.0 = Debug|Any CPU
		{B28D5EF8-B84F-412F-88FC-12BBA64F189A}.Release|Any CPU.ActiveCfg = Release|Any CPU
		{B28D5EF8-B84F-412F-88FC-12BBA64F189A}.Release|Any CPU.Build.0 = Release|Any CPU
		{B5A221C6-2A3E-4B66-984F-D6AE571F1792}.Debug|Any CPU.ActiveCfg = Debug|Any CPU
		{B5A221C6-2A3E-4B66-984F-D6AE571F1792}.Debug|Any CPU.Build.0 = Debug|Any CPU
		{B5A221C6-2A3E-4B66-984F-D6AE571F1792}.Release|Any CPU.ActiveCfg = Release|Any CPU
		{B5A221C6-2A3E-4B66-984F-D6AE571F1792}.Release|Any CPU.Build.0 = Release|Any CPU
	EndGlobalSection
	GlobalSection(SolutionProperties) = preSolution
		HideSolutionNode = FALSE
	EndGlobalSection
	GlobalSection(NestedProjects) = preSolution
		{BAC47C77-091A-404E-982D-F43DF5D1DCBA} = {9154060E-3CC4-4FB3-89C2-FD272E4ADCBD}
		{D9FDB6FD-EC2D-4FA4-812E-689F11B9380C} = {9154060E-3CC4-4FB3-89C2-FD272E4ADCBD}
		{B6260791-79C4-4BDF-8709-785A8C223645} = {9154060E-3CC4-4FB3-89C2-FD272E4ADCBD}
		{2AAE2AA2-2709-4D8B-AE06-C6ABD10C8347} = {9154060E-3CC4-4FB3-89C2-FD272E4ADCBD}
		{C1D14402-D658-4C2F-A2B4-D186D6EBDE64} = {9154060E-3CC4-4FB3-89C2-FD272E4ADCBD}
		{F81344F0-91BA-405D-BF88-9714CAB5CC5A} = {F9F757E2-02CE-484B-95C9-B43DCDD16E1E}
		{E1F42149-C058-479B-B6C8-C53591EA1367} = {F9F757E2-02CE-484B-95C9-B43DCDD16E1E}
		{41727C4F-5F3D-4F0B-90C2-0BA2A0C18BE8} = {F9F757E2-02CE-484B-95C9-B43DCDD16E1E}
		{3BC22076-5B25-43CF-A9BF-2D28EBD0DE03} = {F9F757E2-02CE-484B-95C9-B43DCDD16E1E}
		{02D8EE6E-F97F-4197-A9AE-42C5EAF41789} = {F9F757E2-02CE-484B-95C9-B43DCDD16E1E}
		{07358094-F532-49FF-A2E2-9C1F69BB5221} = {2F609AAD-87C4-4765-9032-0501A0CA81E5}
		{55CACBD2-EEB6-44E1-9AC4-A45623BF3329} = {2F609AAD-87C4-4765-9032-0501A0CA81E5}
		{3E8645CB-F208-4672-B448-B3AA1030EC6D} = {2F609AAD-87C4-4765-9032-0501A0CA81E5}
		{CDEDEA40-FD2C-46DB-81C7-C0279C784BA8} = {2F609AAD-87C4-4765-9032-0501A0CA81E5}
		{9373D7C0-63D3-4975-83A0-4548E7AC2F9D} = {CB317029-7C31-4EE1-9F06-8B3D6F5AD666}
		{0171801A-97A1-4CE6-983B-7558515FA8D2} = {CB317029-7C31-4EE1-9F06-8B3D6F5AD666}
		{2C34EC21-12E1-49D7-B533-BC89EFBA3319} = {CB317029-7C31-4EE1-9F06-8B3D6F5AD666}
		{B28D5EF8-B84F-412F-88FC-12BBA64F189A} = {CB317029-7C31-4EE1-9F06-8B3D6F5AD666}
		{B5A221C6-2A3E-4B66-984F-D6AE571F1792} = {9B1077C3-0BED-4D25-9BBB-311CE268A9F3}
	EndGlobalSection
	GlobalSection(ExtensibilityGlobals) = postSolution
		SolutionGuid = {6FC8ABD7-9638-466E-826B-BF46D7A10D0A}
	EndGlobalSection
EndGlobal
